
Microsoft Visual Studio Solution File, Format Version 12.00
# Visual Studio Version 17
VisualStudioVersion = 17.13.36105.23 d17.13
MinimumVisualStudioVersion = 10.0.40219.1
Project("{FAE04EC0-301F-11D3-BF4B-00C04F79EFBC}") = "assignmentNO_01", "assignmentNO_01.csproj", "{1D19A101-2B0F-486A-998C-81736FA12802}"
EndProject
Global
	GlobalSection(SolutionConfigurationPlatforms) = preSolution
		Debug|Any CPU = Debug|Any CPU
		Release|Any CPU = Release|Any CPU
	EndGlobalSection
	GlobalSection(ProjectConfigurationPlatforms) = postSolution
		{1D19A101-2B0F-486A-998C-81736FA12802}.Debug|Any CPU.ActiveCfg = Debug|Any CPU
		{1D19A101-2B0F-486A-998C-81736FA12802}.Debug|Any CPU.Build.0 = Debug|Any CPU
		{1D19A101-2B0F-486A-998C-81736FA12802}.Release|Any CPU.ActiveCfg = Release|Any CPU
		{1D19A101-2B0F-486A-998C-81736FA12802}.Release|Any CPU.Build.0 = Release|Any CPU
	EndGlobalSection
	GlobalSection(SolutionProperties) = preSolution
		HideSolutionNode = FALSE
	EndGlobalSection
	GlobalSection(ExtensibilityGlobals) = postSolution
		SolutionGuid = {70C98592-AC82-496A-8549-710D2C791A06}
	EndGlobalSection
EndGlobal
